
Microsoft Visual Studio Solution File, Format Version 12.00
# Visual Studio Version 17
VisualStudioVersion = 17.7.34024.191
MinimumVisualStudioVersion = 10.0.40219.1
Project("{FAE04EC0-301F-11D3-BF4B-00C04F79EFBC}") = "Task5.2", "Task5.2\Task5.2.csproj", "{EFCF7240-28D0-4073-97E8-D5B4E9E0EEA5}"
EndProject
Global
	GlobalSection(SolutionConfigurationPlatforms) = preSolution
		Debug|Any CPU = Debug|Any CPU
		Release|Any CPU = Release|Any CPU
	EndGlobalSection
	GlobalSection(ProjectConfigurationPlatforms) = postSolution
		{EFCF7240-28D0-4073-97E8-D5B4E9E0EEA5}.Debug|Any CPU.ActiveCfg = Debug|Any CPU
		{EFCF7240-28D0-4073-97E8-D5B4E9E0EEA5}.Debug|Any CPU.Build.0 = Debug|Any CPU
		{EFCF7240-28D0-4073-97E8-D5B4E9E0EEA5}.Release|Any CPU.ActiveCfg = Release|Any CPU
		{EFCF7240-28D0-4073-97E8-D5B4E9E0EEA5}.Release|Any CPU.Build.0 = Release|Any CPU
	EndGlobalSection
	GlobalSection(SolutionProperties) = preSolution
		HideSolutionNode = FALSE
	EndGlobalSection
	GlobalSection(ExtensibilityGlobals) = postSolution
		SolutionGuid = {E78799E7-3496-4426-AAFF-52CDF745C097}
	EndGlobalSection
EndGlobal
